{
  "requires": true,
  "lockfileVersion": 1,
  "dependencies": {
    "ng-starrating": {
      "version": "1.0.6",
      "resolved": "https://registry.npmjs.org/ng-starrating/-/ng-starrating-1.0.6.tgz",
      "integrity": "sha512-LwpWwsZUlIBhwPWdhH3hJAAgFk5mY1ylhEq745IhTCReNYqiZA0EwxDBU9gq50kWQk6exSggRETWTqWgZ/CHSA==",
      "requires": {
        "tslib": "^1.9.0"
      }
    },
    "tslib": {
      "version": "1.10.0",
      "resolved": "https://registry.npmjs.org/tslib/-/tslib-1.10.0.tgz",
      "integrity": "sha512-qOebF53frne81cf0S9B41ByenJ3/IuH8yJKngAX35CmiZySA0khhkovshKK+jGCaMnVomla7gVlIcc3EvKPbTQ=="
    }
  }
}
